// !$*UTF8*$!
{
	archiveVersion = 1;
	classes = {
	};
	objectVersion = 55;
	objects = {

/* Begin PBXBuildFile section */
		710106B928F46AB600997AE5 /* GoogleMaps in Frameworks */ = {isa = PBXBuildFile; productRef = 710106B828F46AB600997AE5 /* GoogleMaps */; };
		71156CF828ACD52F00AAF921 /* RocketModel.swift in Sources */ = {isa = PBXBuildFile; fileRef = 71156CF728ACD52F00AAF921 /* RocketModel.swift */; };
		7128918F28AD2B8100073D47 /* RocketLaunches.swift in Sources */ = {isa = PBXBuildFile; fileRef = 7128918E28AD2B8100073D47 /* RocketLaunches.swift */; };
		7128919128AD36E800073D47 /* NetworkManager.swift in Sources */ = {isa = PBXBuildFile; fileRef = 7128919028AD36E800073D47 /* NetworkManager.swift */; };
		7129BF7C28FDAE9300F823A6 /* Texts.swift in Sources */ = {isa = PBXBuildFile; fileRef = 7129BF7B28FDAE9300F823A6 /* Texts.swift */; };
		7135FA0128DDE9A8005480E1 /* LaunchesViewController.swift in Sources */ = {isa = PBXBuildFile; fileRef = 7135FA0028DDE9A8005480E1 /* LaunchesViewController.swift */; };
		7135FA0328DDEA23005480E1 /* LaunchesTableViewCell.swift in Sources */ = {isa = PBXBuildFile; fileRef = 7135FA0228DDEA23005480E1 /* LaunchesTableViewCell.swift */; };
		713BA9A628FF42B1000B785B /* NotificationNames.swift in Sources */ = {isa = PBXBuildFile; fileRef = 713BA9A528FF42B1000B785B /* NotificationNames.swift */; };
		713BA9A828FF4D98000B785B /* MainInfoTVCModel.swift in Sources */ = {isa = PBXBuildFile; fileRef = 713BA9A728FF4D98000B785B /* MainInfoTVCModel.swift */; };
		713BA9AA28FF4E26000B785B /* TileCollectionTVCModel.swift in Sources */ = {isa = PBXBuildFile; fileRef = 713BA9A928FF4E26000B785B /* TileCollectionTVCModel.swift */; };
		713BA9AC28FF4E84000B785B /* CollectionTVCModel.swift in Sources */ = {isa = PBXBuildFile; fileRef = 713BA9AB28FF4E84000B785B /* CollectionTVCModel.swift */; };
		713BA9AE28FF4EFA000B785B /* LaunchesViewModel.swift in Sources */ = {isa = PBXBuildFile; fileRef = 713BA9AD28FF4EFA000B785B /* LaunchesViewModel.swift */; };
		714F58C828A7E59600BC418D /* AppDelegate.swift in Sources */ = {isa = PBXBuildFile; fileRef = 714F58C728A7E59600BC418D /* AppDelegate.swift */; };
		714F58CA28A7E59600BC418D /* SceneDelegate.swift in Sources */ = {isa = PBXBuildFile; fileRef = 714F58C928A7E59600BC418D /* SceneDelegate.swift */; };
		714F58CC28A7E59600BC418D /* ViewController.swift in Sources */ = {isa = PBXBuildFile; fileRef = 714F58CB28A7E59600BC418D /* ViewController.swift */; };
		714F58CF28A7E59600BC418D /* Main.storyboard in Resources */ = {isa = PBXBuildFile; fileRef = 714F58CD28A7E59600BC418D /* Main.storyboard */; };
		714F58D128A7E59900BC418D /* Assets.xcassets in Resources */ = {isa = PBXBuildFile; fileRef = 714F58D028A7E59900BC418D /* Assets.xcassets */; };
		714F58D428A7E59900BC418D /* LaunchScreen.storyboard in Resources */ = {isa = PBXBuildFile; fileRef = 714F58D228A7E59900BC418D /* LaunchScreen.storyboard */; };
		715B0E622916457100C30832 /* DIContainer.swift in Sources */ = {isa = PBXBuildFile; fileRef = 715B0E612916457100C30832 /* DIContainer.swift */; };
		716BEE0828F46BDA006A441C /* GoogleMapsViewController.swift in Sources */ = {isa = PBXBuildFile; fileRef = 716BEE0728F46BDA006A441C /* GoogleMapsViewController.swift */; };
		716BEE0A28F48C3A006A441C /* TabBarViewController.swift in Sources */ = {isa = PBXBuildFile; fileRef = 716BEE0928F48C3A006A441C /* TabBarViewController.swift */; };
		7170FB6428CB6FE200C99A23 /* CollectionTableViewCell.swift in Sources */ = {isa = PBXBuildFile; fileRef = 7170FB6328CB6FE200C99A23 /* CollectionTableViewCell.swift */; };
		7170FB6628CB71AA00C99A23 /* TileCollectionViewCell.swift in Sources */ = {isa = PBXBuildFile; fileRef = 7170FB6528CB71AA00C99A23 /* TileCollectionViewCell.swift */; };
		7170FB6828CB720600C99A23 /* HeaderTitleTableViewSection.swift in Sources */ = {isa = PBXBuildFile; fileRef = 7170FB6728CB720600C99A23 /* HeaderTitleTableViewSection.swift */; };
		7170FB6A28CB728A00C99A23 /* HeaderInfoTableViewSection.swift in Sources */ = {isa = PBXBuildFile; fileRef = 7170FB6928CB728A00C99A23 /* HeaderInfoTableViewSection.swift */; };
		7170FB6C28CB72D700C99A23 /* ShowLaunchesButtonTableViewCell.swift in Sources */ = {isa = PBXBuildFile; fileRef = 7170FB6B28CB72D700C99A23 /* ShowLaunchesButtonTableViewCell.swift */; };
		717D766228DF7FC40033B36E /* SettingsViewController.swift in Sources */ = {isa = PBXBuildFile; fileRef = 717D766128DF7FC40033B36E /* SettingsViewController.swift */; };
		717D766428DF80270033B36E /* SettingsTableViewCell.swift in Sources */ = {isa = PBXBuildFile; fileRef = 717D766328DF80270033B36E /* SettingsTableViewCell.swift */; };
		717D766628DF80F70033B36E /* SettingsManager.swift in Sources */ = {isa = PBXBuildFile; fileRef = 717D766528DF80F70033B36E /* SettingsManager.swift */; };
		718BADFF28D4901C0071A1F1 /* LoadingIndicatorView.swift in Sources */ = {isa = PBXBuildFile; fileRef = 718BADFE28D4901C0071A1F1 /* LoadingIndicatorView.swift */; };
		718BEE2728F55558001CC3B8 /* LaunchPadModel.swift in Sources */ = {isa = PBXBuildFile; fileRef = 718BEE2628F55558001CC3B8 /* LaunchPadModel.swift */; };
		718BEE2928F5598F001CC3B8 /* LandingPadsModel.swift in Sources */ = {isa = PBXBuildFile; fileRef = 718BEE2828F5598F001CC3B8 /* LandingPadsModel.swift */; };
		718BEE2B28F56F13001CC3B8 /* GoogleMapsTableViewCell.swift in Sources */ = {isa = PBXBuildFile; fileRef = 718BEE2A28F56F13001CC3B8 /* GoogleMapsTableViewCell.swift */; };
		71ABBAC828FFF7B40097E9B8 /* StoryboardIdentifiers.swift in Sources */ = {isa = PBXBuildFile; fileRef = 71ABBAC728FFF7B40097E9B8 /* StoryboardIdentifiers.swift */; };
		71B27D5628EEC57500C18D66 /* HomeViewController.swift in Sources */ = {isa = PBXBuildFile; fileRef = 71B27D5528EEC57500C18D66 /* HomeViewController.swift */; };
		71B3E69F28FC9E5F00E782DB /* Constants.swift in Sources */ = {isa = PBXBuildFile; fileRef = 71B3E69E28FC9E5F00E782DB /* Constants.swift */; };
		71BF746028C8AF6700A82E41 /* PageViewController.swift in Sources */ = {isa = PBXBuildFile; fileRef = 71BF745F28C8AF6700A82E41 /* PageViewController.swift */; };
		71BF746228C8B7DC00A82E41 /* ContainingViewController.swift in Sources */ = {isa = PBXBuildFile; fileRef = 71BF746128C8B7DC00A82E41 /* ContainingViewController.swift */; };
		71BF746428C8BA5200A82E41 /* MainViewController.swift in Sources */ = {isa = PBXBuildFile; fileRef = 71BF746328C8BA5200A82E41 /* MainViewController.swift */; };
		71BF746628C8E0AE00A82E41 /* InfoTableViewCell.swift in Sources */ = {isa = PBXBuildFile; fileRef = 71BF746528C8E0AE00A82E41 /* InfoTableViewCell.swift */; };
		71EAEC0528D0C30900F00C51 /* MainViewModel.swift in Sources */ = {isa = PBXBuildFile; fileRef = 71EAEC0428D0C30900F00C51 /* MainViewModel.swift */; };
/* End PBXBuildFile section */

/* Begin PBXFileReference section */
		71156CF728ACD52F00AAF921 /* RocketModel.swift */ = {isa = PBXFileReference; lastKnownFileType = sourcecode.swift; path = RocketModel.swift; sourceTree = "<group>"; };
		7128918E28AD2B8100073D47 /* RocketLaunches.swift */ = {isa = PBXFileReference; lastKnownFileType = sourcecode.swift; path = RocketLaunches.swift; sourceTree = "<group>"; };
		7128919028AD36E800073D47 /* NetworkManager.swift */ = {isa = PBXFileReference; lastKnownFileType = sourcecode.swift; path = NetworkManager.swift; sourceTree = "<group>"; };
		7129BF7B28FDAE9300F823A6 /* Texts.swift */ = {isa = PBXFileReference; lastKnownFileType = sourcecode.swift; path = Texts.swift; sourceTree = "<group>"; };
		7135FA0028DDE9A8005480E1 /* LaunchesViewController.swift */ = {isa = PBXFileReference; lastKnownFileType = sourcecode.swift; path = LaunchesViewController.swift; sourceTree = "<group>"; };
		7135FA0228DDEA23005480E1 /* LaunchesTableViewCell.swift */ = {isa = PBXFileReference; lastKnownFileType = sourcecode.swift; path = LaunchesTableViewCell.swift; sourceTree = "<group>"; };
		713BA9A528FF42B1000B785B /* NotificationNames.swift */ = {isa = PBXFileReference; lastKnownFileType = sourcecode.swift; path = NotificationNames.swift; sourceTree = "<group>"; };
		713BA9A728FF4D98000B785B /* MainInfoTVCModel.swift */ = {isa = PBXFileReference; lastKnownFileType = sourcecode.swift; path = MainInfoTVCModel.swift; sourceTree = "<group>"; };
		713BA9A928FF4E26000B785B /* TileCollectionTVCModel.swift */ = {isa = PBXFileReference; lastKnownFileType = sourcecode.swift; path = TileCollectionTVCModel.swift; sourceTree = "<group>"; };
		713BA9AB28FF4E84000B785B /* CollectionTVCModel.swift */ = {isa = PBXFileReference; lastKnownFileType = sourcecode.swift; path = CollectionTVCModel.swift; sourceTree = "<group>"; };
		713BA9AD28FF4EFA000B785B /* LaunchesViewModel.swift */ = {isa = PBXFileReference; lastKnownFileType = sourcecode.swift; path = LaunchesViewModel.swift; sourceTree = "<group>"; };
		714F58C428A7E59600BC418D /* SpaceX_Storyboard_UIKit.app */ = {isa = PBXFileReference; explicitFileType = wrapper.application; includeInIndex = 0; path = SpaceX_Storyboard_UIKit.app; sourceTree = BUILT_PRODUCTS_DIR; };
		714F58C728A7E59600BC418D /* AppDelegate.swift */ = {isa = PBXFileReference; lastKnownFileType = sourcecode.swift; path = AppDelegate.swift; sourceTree = "<group>"; };
		714F58C928A7E59600BC418D /* SceneDelegate.swift */ = {isa = PBXFileReference; lastKnownFileType = sourcecode.swift; path = SceneDelegate.swift; sourceTree = "<group>"; };
		714F58CB28A7E59600BC418D /* ViewController.swift */ = {isa = PBXFileReference; lastKnownFileType = sourcecode.swift; path = ViewController.swift; sourceTree = "<group>"; };
		714F58CE28A7E59600BC418D /* Base */ = {isa = PBXFileReference; lastKnownFileType = file.storyboard; name = Base; path = Base.lproj/Main.storyboard; sourceTree = "<group>"; };
		714F58D028A7E59900BC418D /* Assets.xcassets */ = {isa = PBXFileReference; lastKnownFileType = folder.assetcatalog; path = Assets.xcassets; sourceTree = "<group>"; };
		714F58D328A7E59900BC418D /* Base */ = {isa = PBXFileReference; lastKnownFileType = file.storyboard; name = Base; path = Base.lproj/LaunchScreen.storyboard; sourceTree = "<group>"; };
		714F58D528A7E59900BC418D /* Info.plist */ = {isa = PBXFileReference; lastKnownFileType = text.plist.xml; path = Info.plist; sourceTree = "<group>"; };
		715B0E612916457100C30832 /* DIContainer.swift */ = {isa = PBXFileReference; lastKnownFileType = sourcecode.swift; path = DIContainer.swift; sourceTree = "<group>"; };
		716BEE0728F46BDA006A441C /* GoogleMapsViewController.swift */ = {isa = PBXFileReference; lastKnownFileType = sourcecode.swift; path = GoogleMapsViewController.swift; sourceTree = "<group>"; };
		716BEE0928F48C3A006A441C /* TabBarViewController.swift */ = {isa = PBXFileReference; lastKnownFileType = sourcecode.swift; path = TabBarViewController.swift; sourceTree = "<group>"; };
		7170FB6328CB6FE200C99A23 /* CollectionTableViewCell.swift */ = {isa = PBXFileReference; lastKnownFileType = sourcecode.swift; path = CollectionTableViewCell.swift; sourceTree = "<group>"; };
		7170FB6528CB71AA00C99A23 /* TileCollectionViewCell.swift */ = {isa = PBXFileReference; lastKnownFileType = sourcecode.swift; path = TileCollectionViewCell.swift; sourceTree = "<group>"; };
		7170FB6728CB720600C99A23 /* HeaderTitleTableViewSection.swift */ = {isa = PBXFileReference; lastKnownFileType = sourcecode.swift; path = HeaderTitleTableViewSection.swift; sourceTree = "<group>"; };
		7170FB6928CB728A00C99A23 /* HeaderInfoTableViewSection.swift */ = {isa = PBXFileReference; lastKnownFileType = sourcecode.swift; path = HeaderInfoTableViewSection.swift; sourceTree = "<group>"; };
		7170FB6B28CB72D700C99A23 /* ShowLaunchesButtonTableViewCell.swift */ = {isa = PBXFileReference; lastKnownFileType = sourcecode.swift; path = ShowLaunchesButtonTableViewCell.swift; sourceTree = "<group>"; };
		717D766128DF7FC40033B36E /* SettingsViewController.swift */ = {isa = PBXFileReference; lastKnownFileType = sourcecode.swift; path = SettingsViewController.swift; sourceTree = "<group>"; };
		717D766328DF80270033B36E /* SettingsTableViewCell.swift */ = {isa = PBXFileReference; lastKnownFileType = sourcecode.swift; path = SettingsTableViewCell.swift; sourceTree = "<group>"; };
		717D766528DF80F70033B36E /* SettingsManager.swift */ = {isa = PBXFileReference; lastKnownFileType = sourcecode.swift; path = SettingsManager.swift; sourceTree = "<group>"; };
		718BADFE28D4901C0071A1F1 /* LoadingIndicatorView.swift */ = {isa = PBXFileReference; lastKnownFileType = sourcecode.swift; path = LoadingIndicatorView.swift; sourceTree = "<group>"; };
		718BEE2628F55558001CC3B8 /* LaunchPadModel.swift */ = {isa = PBXFileReference; lastKnownFileType = sourcecode.swift; path = LaunchPadModel.swift; sourceTree = "<group>"; };
		718BEE2828F5598F001CC3B8 /* LandingPadsModel.swift */ = {isa = PBXFileReference; lastKnownFileType = sourcecode.swift; path = LandingPadsModel.swift; sourceTree = "<group>"; };
		718BEE2A28F56F13001CC3B8 /* GoogleMapsTableViewCell.swift */ = {isa = PBXFileReference; lastKnownFileType = sourcecode.swift; path = GoogleMapsTableViewCell.swift; sourceTree = "<group>"; };
		71ABBAC728FFF7B40097E9B8 /* StoryboardIdentifiers.swift */ = {isa = PBXFileReference; lastKnownFileType = sourcecode.swift; path = StoryboardIdentifiers.swift; sourceTree = "<group>"; };
		71B27D5528EEC57500C18D66 /* HomeViewController.swift */ = {isa = PBXFileReference; lastKnownFileType = sourcecode.swift; path = HomeViewController.swift; sourceTree = "<group>"; };
		71B3E69E28FC9E5F00E782DB /* Constants.swift */ = {isa = PBXFileReference; lastKnownFileType = sourcecode.swift; path = Constants.swift; sourceTree = "<group>"; };
		71BF745F28C8AF6700A82E41 /* PageViewController.swift */ = {isa = PBXFileReference; lastKnownFileType = sourcecode.swift; path = PageViewController.swift; sourceTree = "<group>"; };
		71BF746128C8B7DC00A82E41 /* ContainingViewController.swift */ = {isa = PBXFileReference; lastKnownFileType = sourcecode.swift; path = ContainingViewController.swift; sourceTree = "<group>"; };
		71BF746328C8BA5200A82E41 /* MainViewController.swift */ = {isa = PBXFileReference; lastKnownFileType = sourcecode.swift; path = MainViewController.swift; sourceTree = "<group>"; };
		71BF746528C8E0AE00A82E41 /* InfoTableViewCell.swift */ = {isa = PBXFileReference; lastKnownFileType = sourcecode.swift; path = InfoTableViewCell.swift; sourceTree = "<group>"; };
		71EAEC0428D0C30900F00C51 /* MainViewModel.swift */ = {isa = PBXFileReference; lastKnownFileType = sourcecode.swift; path = MainViewModel.swift; sourceTree = "<group>"; };
/* End PBXFileReference section */

/* Begin PBXFrameworksBuildPhase section */
		714F58C128A7E59600BC418D /* Frameworks */ = {
			isa = PBXFrameworksBuildPhase;
			buildActionMask = 2147483647;
			files = (
				710106B928F46AB600997AE5 /* GoogleMaps in Frameworks */,
			);
			runOnlyForDeploymentPostprocessing = 0;
		};
/* End PBXFrameworksBuildPhase section */

/* Begin PBXGroup section */
		714F58BB28A7E59600BC418D = {
			isa = PBXGroup;
			children = (
				714F58C628A7E59600BC418D /* SpaceX_Storyboard_UIKit */,
				714F58C528A7E59600BC418D /* Products */,
			);
			sourceTree = "<group>";
		};
		714F58C528A7E59600BC418D /* Products */ = {
			isa = PBXGroup;
			children = (
				714F58C428A7E59600BC418D /* SpaceX_Storyboard_UIKit.app */,
			);
			name = Products;
			sourceTree = "<group>";
		};
		714F58C628A7E59600BC418D /* SpaceX_Storyboard_UIKit */ = {
			isa = PBXGroup;
			children = (
				715B0E602916455200C30832 /* DI */,
				71B3E69D28FC9B5C00E782DB /* Screens */,
				71B3E69C28FC9B2E00E782DB /* Support */,
				71B3E69B28FC9AEC00E782DB /* Managers */,
				71B3E69728FC9A6F00E782DB /* Models */,
				718BADFE28D4901C0071A1F1 /* LoadingIndicatorView.swift */,
				714F58CD28A7E59600BC418D /* Main.storyboard */,
				714F58D028A7E59900BC418D /* Assets.xcassets */,
				714F58D228A7E59900BC418D /* LaunchScreen.storyboard */,
				714F58D528A7E59900BC418D /* Info.plist */,
			);
			path = SpaceX_Storyboard_UIKit;
			sourceTree = "<group>";
		};
		715B0E602916455200C30832 /* DI */ = {
			isa = PBXGroup;
			children = (
				715B0E612916457100C30832 /* DIContainer.swift */,
			);
			path = DI;
			sourceTree = "<group>";
		};
		7170FB6228CB6F2900C99A23 /* MainViewControllerTVCs */ = {
			isa = PBXGroup;
			children = (
				71BF746528C8E0AE00A82E41 /* InfoTableViewCell.swift */,
				7170FB6328CB6FE200C99A23 /* CollectionTableViewCell.swift */,
				7170FB6728CB720600C99A23 /* HeaderTitleTableViewSection.swift */,
				7170FB6928CB728A00C99A23 /* HeaderInfoTableViewSection.swift */,
				7170FB6B28CB72D700C99A23 /* ShowLaunchesButtonTableViewCell.swift */,
				7170FB6528CB71AA00C99A23 /* TileCollectionViewCell.swift */,
			);
			path = MainViewControllerTVCs;
			sourceTree = "<group>";
		};
		717D765F28DF7B740033B36E /* LaunchesScreen */ = {
			isa = PBXGroup;
			children = (
				7135FA0028DDE9A8005480E1 /* LaunchesViewController.swift */,
				7135FA0228DDEA23005480E1 /* LaunchesTableViewCell.swift */,
			);
			path = LaunchesScreen;
			sourceTree = "<group>";
		};
		717D766028DF7EF50033B36E /* RocketsScreen */ = {
			isa = PBXGroup;
			children = (
				71BF746128C8B7DC00A82E41 /* ContainingViewController.swift */,
				71EAEC0428D0C30900F00C51 /* MainViewModel.swift */,
				71BF745F28C8AF6700A82E41 /* PageViewController.swift */,
				714F58CB28A7E59600BC418D /* ViewController.swift */,
				71BF746328C8BA5200A82E41 /* MainViewController.swift */,
				7170FB6228CB6F2900C99A23 /* MainViewControllerTVCs */,
			);
			path = RocketsScreen;
			sourceTree = "<group>";
		};
		71B3E69728FC9A6F00E782DB /* Models */ = {
			isa = PBXGroup;
			children = (
				71156CF728ACD52F00AAF921 /* RocketModel.swift */,
				7128918E28AD2B8100073D47 /* RocketLaunches.swift */,
				718BEE2628F55558001CC3B8 /* LaunchPadModel.swift */,
				718BEE2828F5598F001CC3B8 /* LandingPadsModel.swift */,
				713BA9A728FF4D98000B785B /* MainInfoTVCModel.swift */,
				713BA9A928FF4E26000B785B /* TileCollectionTVCModel.swift */,
				713BA9AB28FF4E84000B785B /* CollectionTVCModel.swift */,
				713BA9AD28FF4EFA000B785B /* LaunchesViewModel.swift */,
			);
			path = Models;
			sourceTree = "<group>";
		};
		71B3E69828FC9A9F00E782DB /* HomeScreen */ = {
			isa = PBXGroup;
			children = (
				71B27D5528EEC57500C18D66 /* HomeViewController.swift */,
				716BEE0928F48C3A006A441C /* TabBarViewController.swift */,
			);
			path = HomeScreen;
			sourceTree = "<group>";
		};
		71B3E69928FC9ABE00E782DB /* SettingsScreen */ = {
			isa = PBXGroup;
			children = (
				717D766128DF7FC40033B36E /* SettingsViewController.swift */,
				717D766328DF80270033B36E /* SettingsTableViewCell.swift */,
			);
			path = SettingsScreen;
			sourceTree = "<group>";
		};
		71B3E69A28FC9AD800E782DB /* GoogleMapsScreen */ = {
			isa = PBXGroup;
			children = (
				716BEE0728F46BDA006A441C /* GoogleMapsViewController.swift */,
				718BEE2A28F56F13001CC3B8 /* GoogleMapsTableViewCell.swift */,
			);
			path = GoogleMapsScreen;
			sourceTree = "<group>";
		};
		71B3E69B28FC9AEC00E782DB /* Managers */ = {
			isa = PBXGroup;
			children = (
				7128919028AD36E800073D47 /* NetworkManager.swift */,
				717D766528DF80F70033B36E /* SettingsManager.swift */,
			);
			path = Managers;
			sourceTree = "<group>";
		};
		71B3E69C28FC9B2E00E782DB /* Support */ = {
			isa = PBXGroup;
			children = (
				714F58C728A7E59600BC418D /* AppDelegate.swift */,
				713BA9A528FF42B1000B785B /* NotificationNames.swift */,
				7129BF7B28FDAE9300F823A6 /* Texts.swift */,
				714F58C928A7E59600BC418D /* SceneDelegate.swift */,
				71B3E69E28FC9E5F00E782DB /* Constants.swift */,
				71ABBAC728FFF7B40097E9B8 /* StoryboardIdentifiers.swift */,
			);
			path = Support;
			sourceTree = "<group>";
		};
		71B3E69D28FC9B5C00E782DB /* Screens */ = {
			isa = PBXGroup;
			children = (
				71B3E69A28FC9AD800E782DB /* GoogleMapsScreen */,
				71B3E69928FC9ABE00E782DB /* SettingsScreen */,
				71B3E69828FC9A9F00E782DB /* HomeScreen */,
				717D766028DF7EF50033B36E /* RocketsScreen */,
				717D765F28DF7B740033B36E /* LaunchesScreen */,
			);
			path = Screens;
			sourceTree = "<group>";
		};
/* End PBXGroup section */

/* Begin PBXNativeTarget section */
		714F58C328A7E59600BC418D /* SpaceX_Storyboard_UIKit */ = {
			isa = PBXNativeTarget;
			buildConfigurationList = 714F58D828A7E59900BC418D /* Build configuration list for PBXNativeTarget "SpaceX_Storyboard_UIKit" */;
			buildPhases = (
				714F58C028A7E59600BC418D /* Sources */,
				714F58C128A7E59600BC418D /* Frameworks */,
				714F58C228A7E59600BC418D /* Resources */,
				7159911328FAFD09006ED7A1 /* ShellScript */,
			);
			buildRules = (
			);
			dependencies = (
			);
			name = SpaceX_Storyboard_UIKit;
			packageProductDependencies = (
				710106B828F46AB600997AE5 /* GoogleMaps */,
			);
			productName = SpaceX_Storyboard_UIKit;
			productReference = 714F58C428A7E59600BC418D /* SpaceX_Storyboard_UIKit.app */;
			productType = "com.apple.product-type.application";
		};
/* End PBXNativeTarget section */

/* Begin PBXProject section */
		714F58BC28A7E59600BC418D /* Project object */ = {
			isa = PBXProject;
			attributes = {
				BuildIndependentTargetsInParallel = 1;
				LastSwiftUpdateCheck = 1340;
				LastUpgradeCheck = 1340;
				TargetAttributes = {
					714F58C328A7E59600BC418D = {
						CreatedOnToolsVersion = 13.4.1;
					};
				};
			};
			buildConfigurationList = 714F58BF28A7E59600BC418D /* Build configuration list for PBXProject "SpaceX_Storyboard_UIKit" */;
			compatibilityVersion = "Xcode 13.0";
			developmentRegion = en;
			hasScannedForEncodings = 0;
			knownRegions = (
				en,
				Base,
			);
			mainGroup = 714F58BB28A7E59600BC418D;
			packageReferences = (
				710106B728F46AB600997AE5 /* XCRemoteSwiftPackageReference "GoogleMaps-SP" */,
			);
			productRefGroup = 714F58C528A7E59600BC418D /* Products */;
			projectDirPath = "";
			projectRoot = "";
			targets = (
				714F58C328A7E59600BC418D /* SpaceX_Storyboard_UIKit */,
			);
		};
/* End PBXProject section */

/* Begin PBXResourcesBuildPhase section */
		714F58C228A7E59600BC418D /* Resources */ = {
			isa = PBXResourcesBuildPhase;
			buildActionMask = 2147483647;
			files = (
				714F58D428A7E59900BC418D /* LaunchScreen.storyboard in Resources */,
				714F58D128A7E59900BC418D /* Assets.xcassets in Resources */,
				714F58CF28A7E59600BC418D /* Main.storyboard in Resources */,
			);
			runOnlyForDeploymentPostprocessing = 0;
		};
/* End PBXResourcesBuildPhase section */

/* Begin PBXShellScriptBuildPhase section */
		7159911328FAFD09006ED7A1 /* ShellScript */ = {
			isa = PBXShellScriptBuildPhase;
			buildActionMask = 2147483647;
			files = (
			);
			inputFileListPaths = (
			);
			inputPaths = (
			);
			outputFileListPaths = (
			);
			outputPaths = (
			);
			runOnlyForDeploymentPostprocessing = 0;
			shellPath = /bin/sh;
			shellScript = "if which swiftlint > /dev/null; then\n  swiftlint\nelse\n  echo \"warning: SwiftLint not installed, download from https://github.com/realm/SwiftLint\"\nfi\n";
		};
/* End PBXShellScriptBuildPhase section */

/* Begin PBXSourcesBuildPhase section */
		714F58C028A7E59600BC418D /* Sources */ = {
			isa = PBXSourcesBuildPhase;
			buildActionMask = 2147483647;
			files = (
				713BA9A828FF4D98000B785B /* MainInfoTVCModel.swift in Sources */,
				7170FB6628CB71AA00C99A23 /* TileCollectionViewCell.swift in Sources */,
				7135FA0128DDE9A8005480E1 /* LaunchesViewController.swift in Sources */,
				713BA9AC28FF4E84000B785B /* CollectionTVCModel.swift in Sources */,
				7128919128AD36E800073D47 /* NetworkManager.swift in Sources */,
				717D766228DF7FC40033B36E /* SettingsViewController.swift in Sources */,
				71BF746628C8E0AE00A82E41 /* InfoTableViewCell.swift in Sources */,
				713BA9A628FF42B1000B785B /* NotificationNames.swift in Sources */,
				71B3E69F28FC9E5F00E782DB /* Constants.swift in Sources */,
				7170FB6C28CB72D700C99A23 /* ShowLaunchesButtonTableViewCell.swift in Sources */,
				71B27D5628EEC57500C18D66 /* HomeViewController.swift in Sources */,
				71BF746028C8AF6700A82E41 /* PageViewController.swift in Sources */,
				718BADFF28D4901C0071A1F1 /* LoadingIndicatorView.swift in Sources */,
				71ABBAC828FFF7B40097E9B8 /* StoryboardIdentifiers.swift in Sources */,
				7170FB6A28CB728A00C99A23 /* HeaderInfoTableViewSection.swift in Sources */,
				71BF746228C8B7DC00A82E41 /* ContainingViewController.swift in Sources */,
				714F58CC28A7E59600BC418D /* ViewController.swift in Sources */,
				717D766428DF80270033B36E /* SettingsTableViewCell.swift in Sources */,
				713BA9AE28FF4EFA000B785B /* LaunchesViewModel.swift in Sources */,
				716BEE0A28F48C3A006A441C /* TabBarViewController.swift in Sources */,
				7135FA0328DDEA23005480E1 /* LaunchesTableViewCell.swift in Sources */,
				716BEE0828F46BDA006A441C /* GoogleMapsViewController.swift in Sources */,
				715B0E622916457100C30832 /* DIContainer.swift in Sources */,
				7128918F28AD2B8100073D47 /* RocketLaunches.swift in Sources */,
				7129BF7C28FDAE9300F823A6 /* Texts.swift in Sources */,
				718BEE2B28F56F13001CC3B8 /* GoogleMapsTableViewCell.swift in Sources */,
				718BEE2928F5598F001CC3B8 /* LandingPadsModel.swift in Sources */,
				7170FB6428CB6FE200C99A23 /* CollectionTableViewCell.swift in Sources */,
				71156CF828ACD52F00AAF921 /* RocketModel.swift in Sources */,
				71BF746428C8BA5200A82E41 /* MainViewController.swift in Sources */,
				713BA9AA28FF4E26000B785B /* TileCollectionTVCModel.swift in Sources */,
				7170FB6828CB720600C99A23 /* HeaderTitleTableViewSection.swift in Sources */,
				714F58C828A7E59600BC418D /* AppDelegate.swift in Sources */,
				714F58CA28A7E59600BC418D /* SceneDelegate.swift in Sources */,
				717D766628DF80F70033B36E /* SettingsManager.swift in Sources */,
				718BEE2728F55558001CC3B8 /* LaunchPadModel.swift in Sources */,
				71EAEC0528D0C30900F00C51 /* MainViewModel.swift in Sources */,
			);
			runOnlyForDeploymentPostprocessing = 0;
		};
/* End PBXSourcesBuildPhase section */

/* Begin PBXVariantGroup section */
		714F58CD28A7E59600BC418D /* Main.storyboard */ = {
			isa = PBXVariantGroup;
			children = (
				714F58CE28A7E59600BC418D /* Base */,
			);
			name = Main.storyboard;
			sourceTree = "<group>";
		};
		714F58D228A7E59900BC418D /* LaunchScreen.storyboard */ = {
			isa = PBXVariantGroup;
			children = (
				714F58D328A7E59900BC418D /* Base */,
			);
			name = LaunchScreen.storyboard;
			sourceTree = "<group>";
		};
/* End PBXVariantGroup section */

/* Begin XCBuildConfiguration section */
		714F58D628A7E59900BC418D /* Debug */ = {
			isa = XCBuildConfiguration;
			buildSettings = {
				ALWAYS_SEARCH_USER_PATHS = NO;
				CLANG_ANALYZER_NONNULL = YES;
				CLANG_ANALYZER_NUMBER_OBJECT_CONVERSION = YES_AGGRESSIVE;
				CLANG_CXX_LANGUAGE_STANDARD = "gnu++17";
				CLANG_ENABLE_MODULES = YES;
				CLANG_ENABLE_OBJC_ARC = YES;
				CLANG_ENABLE_OBJC_WEAK = YES;
				CLANG_WARN_BLOCK_CAPTURE_AUTORELEASING = YES;
				CLANG_WARN_BOOL_CONVERSION = YES;
				CLANG_WARN_COMMA = YES;
				CLANG_WARN_CONSTANT_CONVERSION = YES;
				CLANG_WARN_DEPRECATED_OBJC_IMPLEMENTATIONS = YES;
				CLANG_WARN_DIRECT_OBJC_ISA_USAGE = YES_ERROR;
				CLANG_WARN_DOCUMENTATION_COMMENTS = YES;
				CLANG_WARN_EMPTY_BODY = YES;
				CLANG_WARN_ENUM_CONVERSION = YES;
				CLANG_WARN_INFINITE_RECURSION = YES;
				CLANG_WARN_INT_CONVERSION = YES;
				CLANG_WARN_NON_LITERAL_NULL_CONVERSION = YES;
				CLANG_WARN_OBJC_IMPLICIT_RETAIN_SELF = YES;
				CLANG_WARN_OBJC_LITERAL_CONVERSION = YES;
				CLANG_WARN_OBJC_ROOT_CLASS = YES_ERROR;
				CLANG_WARN_QUOTED_INCLUDE_IN_FRAMEWORK_HEADER = YES;
				CLANG_WARN_RANGE_LOOP_ANALYSIS = YES;
				CLANG_WARN_STRICT_PROTOTYPES = YES;
				CLANG_WARN_SUSPICIOUS_MOVE = YES;
				CLANG_WARN_UNGUARDED_AVAILABILITY = YES_AGGRESSIVE;
				CLANG_WARN_UNREACHABLE_CODE = YES;
				CLANG_WARN__DUPLICATE_METHOD_MATCH = YES;
				COPY_PHASE_STRIP = NO;
				DEBUG_INFORMATION_FORMAT = dwarf;
				ENABLE_STRICT_OBJC_MSGSEND = YES;
				ENABLE_TESTABILITY = YES;
				GCC_C_LANGUAGE_STANDARD = gnu11;
				GCC_DYNAMIC_NO_PIC = NO;
				GCC_NO_COMMON_BLOCKS = YES;
				GCC_OPTIMIZATION_LEVEL = 0;
				GCC_PREPROCESSOR_DEFINITIONS = (
					"DEBUG=1",
					"$(inherited)",
				);
				GCC_WARN_64_TO_32_BIT_CONVERSION = YES;
				GCC_WARN_ABOUT_RETURN_TYPE = YES_ERROR;
				GCC_WARN_UNDECLARED_SELECTOR = YES;
				GCC_WARN_UNINITIALIZED_AUTOS = YES_AGGRESSIVE;
				GCC_WARN_UNUSED_FUNCTION = YES;
				GCC_WARN_UNUSED_VARIABLE = YES;
				IPHONEOS_DEPLOYMENT_TARGET = 15.5;
				MTL_ENABLE_DEBUG_INFO = INCLUDE_SOURCE;
				MTL_FAST_MATH = YES;
				ONLY_ACTIVE_ARCH = YES;
				SDKROOT = iphoneos;
				SWIFT_ACTIVE_COMPILATION_CONDITIONS = DEBUG;
				SWIFT_OPTIMIZATION_LEVEL = "-Onone";
			};
			name = Debug;
		};
		714F58D728A7E59900BC418D /* Release */ = {
			isa = XCBuildConfiguration;
			buildSettings = {
				ALWAYS_SEARCH_USER_PATHS = NO;
				CLANG_ANALYZER_NONNULL = YES;
				CLANG_ANALYZER_NUMBER_OBJECT_CONVERSION = YES_AGGRESSIVE;
				CLANG_CXX_LANGUAGE_STANDARD = "gnu++17";
				CLANG_ENABLE_MODULES = YES;
				CLANG_ENABLE_OBJC_ARC = YES;
				CLANG_ENABLE_OBJC_WEAK = YES;
				CLANG_WARN_BLOCK_CAPTURE_AUTORELEASING = YES;
				CLANG_WARN_BOOL_CONVERSION = YES;
				CLANG_WARN_COMMA = YES;
				CLANG_WARN_CONSTANT_CONVERSION = YES;
				CLANG_WARN_DEPRECATED_OBJC_IMPLEMENTATIONS = YES;
				CLANG_WARN_DIRECT_OBJC_ISA_USAGE = YES_ERROR;
				CLANG_WARN_DOCUMENTATION_COMMENTS = YES;
				CLANG_WARN_EMPTY_BODY = YES;
				CLANG_WARN_ENUM_CONVERSION = YES;
				CLANG_WARN_INFINITE_RECURSION = YES;
				CLANG_WARN_INT_CONVERSION = YES;
				CLANG_WARN_NON_LITERAL_NULL_CONVERSION = YES;
				CLANG_WARN_OBJC_IMPLICIT_RETAIN_SELF = YES;
				CLANG_WARN_OBJC_LITERAL_CONVERSION = YES;
				CLANG_WARN_OBJC_ROOT_CLASS = YES_ERROR;
				CLANG_WARN_QUOTED_INCLUDE_IN_FRAMEWORK_HEADER = YES;
				CLANG_WARN_RANGE_LOOP_ANALYSIS = YES;
				CLANG_WARN_STRICT_PROTOTYPES = YES;
				CLANG_WARN_SUSPICIOUS_MOVE = YES;
				CLANG_WARN_UNGUARDED_AVAILABILITY = YES_AGGRESSIVE;
				CLANG_WARN_UNREACHABLE_CODE = YES;
				CLANG_WARN__DUPLICATE_METHOD_MATCH = YES;
				COPY_PHASE_STRIP = NO;
				DEBUG_INFORMATION_FORMAT = "dwarf-with-dsym";
				ENABLE_NS_ASSERTIONS = NO;
				ENABLE_STRICT_OBJC_MSGSEND = YES;
				GCC_C_LANGUAGE_STANDARD = gnu11;
				GCC_NO_COMMON_BLOCKS = YES;
				GCC_WARN_64_TO_32_BIT_CONVERSION = YES;
				GCC_WARN_ABOUT_RETURN_TYPE = YES_ERROR;
				GCC_WARN_UNDECLARED_SELECTOR = YES;
				GCC_WARN_UNINITIALIZED_AUTOS = YES_AGGRESSIVE;
				GCC_WARN_UNUSED_FUNCTION = YES;
				GCC_WARN_UNUSED_VARIABLE = YES;
				IPHONEOS_DEPLOYMENT_TARGET = 15.5;
				MTL_ENABLE_DEBUG_INFO = NO;
				MTL_FAST_MATH = YES;
				SDKROOT = iphoneos;
				SWIFT_COMPILATION_MODE = wholemodule;
				SWIFT_OPTIMIZATION_LEVEL = "-O";
				VALIDATE_PRODUCT = YES;
			};
			name = Release;
		};
		714F58D928A7E59900BC418D /* Debug */ = {
			isa = XCBuildConfiguration;
			buildSettings = {
				ASSETCATALOG_COMPILER_APPICON_NAME = AppIcon;
				ASSETCATALOG_COMPILER_GLOBAL_ACCENT_COLOR_NAME = AccentColor;
				CODE_SIGN_STYLE = Automatic;
				CURRENT_PROJECT_VERSION = 3;
				DEVELOPMENT_TEAM = W7M89AVC54;
				GENERATE_INFOPLIST_FILE = YES;
				INFOPLIST_FILE = SpaceX_Storyboard_UIKit/Info.plist;
				INFOPLIST_KEY_CFBundleDisplayName = "SpaceX Rockets";
				INFOPLIST_KEY_UIApplicationSupportsIndirectInputEvents = YES;
				INFOPLIST_KEY_UILaunchStoryboardName = LaunchScreen;
				INFOPLIST_KEY_UIMainStoryboardFile = Main;
				INFOPLIST_KEY_UIRequiresFullScreen = YES;
				INFOPLIST_KEY_UISupportedInterfaceOrientations = UIInterfaceOrientationPortrait;
				INFOPLIST_KEY_UISupportedInterfaceOrientations_iPad = UIInterfaceOrientationPortrait;
				INFOPLIST_KEY_UISupportedInterfaceOrientations_iPhone = UIInterfaceOrientationPortrait;
				LD_RUNPATH_SEARCH_PATHS = (
					"$(inherited)",
					"@executable_path/Frameworks",
				);
				MARKETING_VERSION = 0.1.0;
				PRODUCT_BUNDLE_IDENTIFIER = "com.ArtemSokolovskiy.SpaceX-Storyboard-UIKit";
				PRODUCT_NAME = "$(TARGET_NAME)";
				SWIFT_EMIT_LOC_STRINGS = YES;
				SWIFT_VERSION = 5.0;
				TARGETED_DEVICE_FAMILY = "1,2";
			};
			name = Debug;
		};
		714F58DA28A7E59900BC418D /* Release */ = {
			isa = XCBuildConfiguration;
			buildSettings = {
				ASSETCATALOG_COMPILER_APPICON_NAME = AppIcon;
				ASSETCATALOG_COMPILER_GLOBAL_ACCENT_COLOR_NAME = AccentColor;
				CODE_SIGN_STYLE = Automatic;
				CURRENT_PROJECT_VERSION = 3;
				DEVELOPMENT_TEAM = W7M89AVC54;
				GENERATE_INFOPLIST_FILE = YES;
				INFOPLIST_FILE = SpaceX_Storyboard_UIKit/Info.plist;
				INFOPLIST_KEY_CFBundleDisplayName = "SpaceX Rockets";
				INFOPLIST_KEY_UIApplicationSupportsIndirectInputEvents = YES;
				INFOPLIST_KEY_UILaunchStoryboardName = LaunchScreen;
				INFOPLIST_KEY_UIMainStoryboardFile = Main;
				INFOPLIST_KEY_UIRequiresFullScreen = YES;
				INFOPLIST_KEY_UISupportedInterfaceOrientations = UIInterfaceOrientationPortrait;
				INFOPLIST_KEY_UISupportedInterfaceOrientations_iPad = UIInterfaceOrientationPortrait;
				INFOPLIST_KEY_UISupportedInterfaceOrientations_iPhone = UIInterfaceOrientationPortrait;
				LD_RUNPATH_SEARCH_PATHS = (
					"$(inherited)",
					"@executable_path/Frameworks",
				);
				MARKETING_VERSION = 0.1.0;
				PRODUCT_BUNDLE_IDENTIFIER = "com.ArtemSokolovskiy.SpaceX-Storyboard-UIKit";
				PRODUCT_NAME = "$(TARGET_NAME)";
				SWIFT_EMIT_LOC_STRINGS = YES;
				SWIFT_VERSION = 5.0;
				TARGETED_DEVICE_FAMILY = "1,2";
			};
			name = Release;
		};
/* End XCBuildConfiguration section */

/* Begin XCConfigurationList section */
		714F58BF28A7E59600BC418D /* Build configuration list for PBXProject "SpaceX_Storyboard_UIKit" */ = {
			isa = XCConfigurationList;
			buildConfigurations = (
				714F58D628A7E59900BC418D /* Debug */,
				714F58D728A7E59900BC418D /* Release */,
			);
			defaultConfigurationIsVisible = 0;
			defaultConfigurationName = Release;
		};
		714F58D828A7E59900BC418D /* Build configuration list for PBXNativeTarget "SpaceX_Storyboard_UIKit" */ = {
			isa = XCConfigurationList;
			buildConfigurations = (
				714F58D928A7E59900BC418D /* Debug */,
				714F58DA28A7E59900BC418D /* Release */,
			);
			defaultConfigurationIsVisible = 0;
			defaultConfigurationName = Release;
		};
/* End XCConfigurationList section */

/* Begin XCRemoteSwiftPackageReference section */
		710106B728F46AB600997AE5 /* XCRemoteSwiftPackageReference "GoogleMaps-SP" */ = {
			isa = XCRemoteSwiftPackageReference;
			repositoryURL = "https://github.com/YAtechnologies/GoogleMaps-SP";
			requirement = {
				kind = upToNextMajorVersion;
				minimumVersion = 6.0.0;
			};
		};
/* End XCRemoteSwiftPackageReference section */

/* Begin XCSwiftPackageProductDependency section */
		710106B828F46AB600997AE5 /* GoogleMaps */ = {
			isa = XCSwiftPackageProductDependency;
			package = 710106B728F46AB600997AE5 /* XCRemoteSwiftPackageReference "GoogleMaps-SP" */;
			productName = GoogleMaps;
		};
/* End XCSwiftPackageProductDependency section */
	};
	rootObject = 714F58BC28A7E59600BC418D /* Project object */;
}
